<?xml version="1.0" encoding="UTF-8"?>
<!DOCTYPE plist PUBLIC "-//Apple//DTD PLIST 1.0//EN" "http://www.apple.com/DTDs/PropertyList-1.0.dtd">
<plist version="1.0">
<dict>
	<key>archiveVersion</key>
	<string>1</string>
	<key>classes</key>
	<dict/>
	<key>objectVersion</key>
	<string>46</string>
	<key>objects</key>
	<dict>
		<key>0476D37A556E4FF4A6952B45</key>
		<dict>
			<key>fileRef</key>
			<string>D70418D2F07B4F31B248672E</string>
			<key>isa</key>
			<string>PBXBuildFile</string>
		</dict>
		<key>2456D162189C93B4008CF61F</key>
		<dict>
			<key>children</key>
			<array>
				<string>24FFCEB6189CD455004D706B</string>
				<string>24FFCEA1189CD32D004D706B</string>
				<string>24FFCE98189CD321004D706B</string>
				<string>24FFCE8F189CD311004D706B</string>
				<string>24FFCE86189CD306004D706B</string>
				<string>24FFCE7D189CD2CF004D706B</string>
				<string>2456D174189C93B4008CF61F</string>
				<string>2456D199189C93B4008CF61F</string>
				<string>2456D16D189C93B4008CF61F</string>
				<string>2456D16C189C93B4008CF61F</string>
				<string>9CBE68FEC7D4462A82219770</string>
			</array>
			<key>isa</key>
			<string>PBXGroup</string>
			<key>sourceTree</key>
			<string>&lt;group&gt;</string>
		</dict>
		<key>2456D163189C93B4008CF61F</key>
		<dict>
			<key>attributes</key>
			<dict>
				<key>CLASSPREFIX</key>
				<string>XYZ</string>
				<key>LastUpgradeCheck</key>
				<string>0500</string>
				<key>ORGANIZATIONNAME</key>
				<string>Hype</string>
				<key>TargetAttributes</key>
				<dict>
					<key>2456D16A189C93B4008CF61F</key>
					<dict>
						<key>DevelopmentTeam</key>
						<string>2S3D8J8M3T</string>
					</dict>
					<key>2456D191189C93B4008CF61F</key>
					<dict>
						<key>TestTargetID</key>
						<string>2456D16A189C93B4008CF61F</string>
					</dict>
				</dict>
			</dict>
			<key>buildConfigurationList</key>
			<string>2456D166189C93B4008CF61F</string>
			<key>compatibilityVersion</key>
			<string>Xcode 3.2</string>
			<key>developmentRegion</key>
			<string>English</string>
			<key>hasScannedForEncodings</key>
			<string>0</string>
			<key>isa</key>
			<string>PBXProject</string>
			<key>knownRegions</key>
			<array>
				<string>en</string>
				<string>Base</string>
			</array>
			<key>mainGroup</key>
			<string>2456D162189C93B4008CF61F</string>
			<key>productRefGroup</key>
			<string>2456D16C189C93B4008CF61F</string>
			<key>projectDirPath</key>
			<string></string>
			<key>projectReferences</key>
			<array>
				<dict>
					<key>ProductGroup</key>
					<string>24FFCE90189CD311004D706B</string>
					<key>ProjectRef</key>
					<string>24FFCE8F189CD311004D706B</string>
				</dict>
				<dict>
					<key>ProductGroup</key>
					<string>24FFCE99189CD321004D706B</string>
					<key>ProjectRef</key>
					<string>24FFCE98189CD321004D706B</string>
				</dict>
				<dict>
					<key>ProductGroup</key>
					<string>24FFCEA2189CD32D004D706B</string>
					<key>ProjectRef</key>
					<string>24FFCEA1189CD32D004D706B</string>
				</dict>
				<dict>
					<key>ProductGroup</key>
					<string>24FFCE7E189CD2CF004D706B</string>
					<key>ProjectRef</key>
					<string>24FFCE7D189CD2CF004D706B</string>
				</dict>
				<dict>
					<key>ProductGroup</key>
					<string>24FFCE87189CD306004D706B</string>
					<key>ProjectRef</key>
					<string>24FFCE86189CD306004D706B</string>
				</dict>
			</array>
			<key>projectRoot</key>
			<string></string>
			<key>targets</key>
			<array>
				<string>2456D16A189C93B4008CF61F</string>
				<string>2456D191189C93B4008CF61F</string>
			</array>
		</dict>
		<key>2456D166189C93B4008CF61F</key>
		<dict>
			<key>buildConfigurations</key>
			<array>
				<string>2456D1A1189C93B4008CF61F</string>
				<string>2456D1A2189C93B4008CF61F</string>
			</array>
			<key>defaultConfigurationIsVisible</key>
			<string>0</string>
			<key>defaultConfigurationName</key>
			<string>Release</string>
			<key>isa</key>
			<string>XCConfigurationList</string>
		</dict>
		<key>2456D167189C93B4008CF61F</key>
		<dict>
			<key>buildActionMask</key>
			<string>2147483647</string>
			<key>files</key>
			<array>
				<string>2456D17F189C93B4008CF61F</string>
				<string>2456D182189C93B4008CF61F</string>
				<string>2456D185189C93B4008CF61F</string>
				<string>24FFCEBC189CDB25004D706B</string>
				<string>2456D188189C93B4008CF61F</string>
				<string>2456D17B189C93B4008CF61F</string>
			</array>
			<key>isa</key>
			<string>PBXSourcesBuildPhase</string>
			<key>runOnlyForDeploymentPostprocessing</key>
			<string>0</string>
		</dict>
		<key>2456D168189C93B4008CF61F</key>
		<dict>
			<key>buildActionMask</key>
			<string>2147483647</string>
			<key>files</key>
			<array>
				<string>24FFCEB1189CD3DA004D706B</string>
				<string>24FFCEB2189CD3DA004D706B</string>
				<string>24FFCEB3189CD3DA004D706B</string>
				<string>24FFCEB4189CD3DA004D706B</string>
				<string>24FFCEB5189CD3DA004D706B</string>
				<string>2A17D573189CC0ED00263305</string>
				<string>2A17D571189CC0E700263305</string>
				<string>2A17D56F189CC0DB00263305</string>
				<string>2A17D56D189CC0D000263305</string>
				<string>2456D171189C93B4008CF61F</string>
				<string>2A17D56B189CC0BE00263305</string>
				<string>2A17D569189CC0B900263305</string>
				<string>2456D173189C93B4008CF61F</string>
				<string>2456D16F189C93B4008CF61F</string>
				<string>0476D37A556E4FF4A6952B45</string>
			</array>
			<key>isa</key>
			<string>PBXFrameworksBuildPhase</string>
			<key>runOnlyForDeploymentPostprocessing</key>
			<string>0</string>
		</dict>
		<key>2456D169189C93B4008CF61F</key>
		<dict>
			<key>buildActionMask</key>
			<string>2147483647</string>
			<key>files</key>
			<array>
				<string>2456D18D189C93B4008CF61F</string>
				<string>24FFCEBE189CDB25004D706B</string>
				<string>24FFCEB7189CD455004D706B</string>
				<string>2456D179189C93B4008CF61F</string>
				<string>2456D18B189C93B4008CF61F</string>
			</array>
			<key>isa</key>
			<string>PBXResourcesBuildPhase</string>
			<key>runOnlyForDeploymentPostprocessing</key>
			<string>0</string>
		</dict>
		<key>2456D16A189C93B4008CF61F</key>
		<dict>
			<key>buildConfigurationList</key>
			<string>2456D1A3189C93B4008CF61F</string>
			<key>buildPhases</key>
			<array>
				<string>88625C685F1A47FFB0702927</string>
				<string>2456D167189C93B4008CF61F</string>
				<string>2456D168189C93B4008CF61F</string>
				<string>2456D169189C93B4008CF61F</string>
				<string>377F27FF26794E37B08C7AE6</string>
			</array>
			<key>buildRules</key>
			<array/>
			<key>dependencies</key>
			<array>
				<string>24FFCEAA189CD3AB004D706B</string>
				<string>24FFCEAC189CD3AB004D706B</string>
				<string>24FFCEAE189CD3AB004D706B</string>
				<string>24FFCEB0189CD3AB004D706B</string>
				<string>24FFCEA8189CD37F004D706B</string>
			</array>
			<key>isa</key>
			<string>PBXNativeTarget</string>
			<key>name</key>
			<string>CrowdSound</string>
			<key>productName</key>
			<string>CrowdSound</string>
			<key>productReference</key>
			<string>2456D16B189C93B4008CF61F</string>
			<key>productType</key>
			<string>com.apple.product-type.application</string>
		</dict>
		<key>2456D16B189C93B4008CF61F</key>
		<dict>
			<key>explicitFileType</key>
			<string>wrapper.application</string>
			<key>includeInIndex</key>
			<string>0</string>
			<key>isa</key>
			<string>PBXFileReference</string>
			<key>path</key>
			<string>CrowdSound.app</string>
			<key>sourceTree</key>
			<string>BUILT_PRODUCTS_DIR</string>
		</dict>
		<key>2456D16C189C93B4008CF61F</key>
		<dict>
			<key>children</key>
			<array>
				<string>2456D16B189C93B4008CF61F</string>
				<string>2456D192189C93B4008CF61F</string>
			</array>
			<key>isa</key>
			<string>PBXGroup</string>
			<key>name</key>
			<string>Products</string>
			<key>sourceTree</key>
			<string>&lt;group&gt;</string>
		</dict>
		<key>2456D16D189C93B4008CF61F</key>
		<dict>
			<key>children</key>
			<array>
				<string>2A17D572189CC0ED00263305</string>
				<string>2A17D570189CC0E700263305</string>
				<string>2A17D56E189CC0DB00263305</string>
				<string>2A17D56C189CC0D000263305</string>
				<string>2A17D56A189CC0BE00263305</string>
				<string>2A17D568189CC0B900263305</string>
				<string>2456D16E189C93B4008CF61F</string>
				<string>2456D170189C93B4008CF61F</string>
				<string>2456D172189C93B4008CF61F</string>
				<string>2456D193189C93B4008CF61F</string>
				<string>D70418D2F07B4F31B248672E</string>
			</array>
			<key>isa</key>
			<string>PBXGroup</string>
			<key>name</key>
			<string>Frameworks</string>
			<key>sourceTree</key>
			<string>&lt;group&gt;</string>
		</dict>
		<key>2456D16E189C93B4008CF61F</key>
		<dict>
			<key>isa</key>
			<string>PBXFileReference</string>
			<key>lastKnownFileType</key>
			<string>wrapper.framework</string>
			<key>name</key>
			<string>Foundation.framework</string>
			<key>path</key>
			<string>System/Library/Frameworks/Foundation.framework</string>
			<key>sourceTree</key>
			<string>SDKROOT</string>
		</dict>
		<key>2456D16F189C93B4008CF61F</key>
		<dict>
			<key>fileRef</key>
			<string>2456D16E189C93B4008CF61F</string>
			<key>isa</key>
			<string>PBXBuildFile</string>
		</dict>
		<key>2456D170189C93B4008CF61F</key>
		<dict>
			<key>isa</key>
			<string>PBXFileReference</string>
			<key>lastKnownFileType</key>
			<string>wrapper.framework</string>
			<key>name</key>
			<string>CoreGraphics.framework</string>
			<key>path</key>
			<string>System/Library/Frameworks/CoreGraphics.framework</string>
			<key>sourceTree</key>
			<string>SDKROOT</string>
		</dict>
		<key>2456D171189C93B4008CF61F</key>
		<dict>
			<key>fileRef</key>
			<string>2456D170189C93B4008CF61F</string>
			<key>isa</key>
			<string>PBXBuildFile</string>
		</dict>
		<key>2456D172189C93B4008CF61F</key>
		<dict>
			<key>isa</key>
			<string>PBXFileReference</string>
			<key>lastKnownFileType</key>
			<string>wrapper.framework</string>
			<key>name</key>
			<string>UIKit.framework</string>
			<key>path</key>
			<string>System/Library/Frameworks/UIKit.framework</string>
			<key>sourceTree</key>
			<string>SDKROOT</string>
		</dict>
		<key>2456D173189C93B4008CF61F</key>
		<dict>
			<key>fileRef</key>
			<string>2456D172189C93B4008CF61F</string>
			<key>isa</key>
			<string>PBXBuildFile</string>
		</dict>
		<key>2456D174189C93B4008CF61F</key>
		<dict>
			<key>children</key>
			<array>
				<string>2456D17D189C93B4008CF61F</string>
				<string>2456D17E189C93B4008CF61F</string>
				<string>2456D180189C93B4008CF61F</string>
				<string>2456D181189C93B4008CF61F</string>
				<string>2456D183189C93B4008CF61F</string>
				<string>2456D184189C93B4008CF61F</string>
				<string>2456D186189C93B4008CF61F</string>
				<string>2456D187189C93B4008CF61F</string>
				<string>2456D189189C93B4008CF61F</string>
				<string>2456D18C189C93B4008CF61F</string>
				<string>2456D175189C93B4008CF61F</string>
				<string>24FFCEB9189CDB25004D706B</string>
				<string>24FFCEBA189CDB25004D706B</string>
				<string>24FFCEBB189CDB25004D706B</string>
			</array>
			<key>isa</key>
			<string>PBXGroup</string>
			<key>path</key>
			<string>CrowdSound</string>
			<key>sourceTree</key>
			<string>&lt;group&gt;</string>
		</dict>
		<key>2456D175189C93B4008CF61F</key>
		<dict>
			<key>children</key>
			<array>
				<string>2456D176189C93B4008CF61F</string>
				<string>2456D177189C93B4008CF61F</string>
				<string>2456D17A189C93B4008CF61F</string>
				<string>2456D17C189C93B4008CF61F</string>
			</array>
			<key>isa</key>
			<string>PBXGroup</string>
			<key>name</key>
			<string>Supporting Files</string>
			<key>sourceTree</key>
			<string>&lt;group&gt;</string>
		</dict>
		<key>2456D176189C93B4008CF61F</key>
		<dict>
			<key>isa</key>
			<string>PBXFileReference</string>
			<key>lastKnownFileType</key>
			<string>text.plist.xml</string>
			<key>path</key>
			<string>CrowdSound-Info.plist</string>
			<key>sourceTree</key>
			<string>&lt;group&gt;</string>
		</dict>
		<key>2456D177189C93B4008CF61F</key>
		<dict>
			<key>children</key>
			<array>
				<string>2456D178189C93B4008CF61F</string>
			</array>
			<key>isa</key>
			<string>PBXVariantGroup</string>
			<key>name</key>
			<string>InfoPlist.strings</string>
			<key>sourceTree</key>
			<string>&lt;group&gt;</string>
		</dict>
		<key>2456D178189C93B4008CF61F</key>
		<dict>
			<key>isa</key>
			<string>PBXFileReference</string>
			<key>lastKnownFileType</key>
			<string>text.plist.strings</string>
			<key>name</key>
			<string>en</string>
			<key>path</key>
			<string>en.lproj/InfoPlist.strings</string>
			<key>sourceTree</key>
			<string>&lt;group&gt;</string>
		</dict>
		<key>2456D179189C93B4008CF61F</key>
		<dict>
			<key>fileRef</key>
			<string>2456D177189C93B4008CF61F</string>
			<key>isa</key>
			<string>PBXBuildFile</string>
		</dict>
		<key>2456D17A189C93B4008CF61F</key>
		<dict>
			<key>isa</key>
			<string>PBXFileReference</string>
			<key>lastKnownFileType</key>
			<string>sourcecode.c.objc</string>
			<key>path</key>
			<string>main.m</string>
			<key>sourceTree</key>
			<string>&lt;group&gt;</string>
		</dict>
		<key>2456D17B189C93B4008CF61F</key>
		<dict>
			<key>fileRef</key>
			<string>2456D17A189C93B4008CF61F</string>
			<key>isa</key>
			<string>PBXBuildFile</string>
		</dict>
		<key>2456D17C189C93B4008CF61F</key>
		<dict>
			<key>isa</key>
			<string>PBXFileReference</string>
			<key>lastKnownFileType</key>
			<string>sourcecode.c.h</string>
			<key>path</key>
			<string>CrowdSound-Prefix.pch</string>
			<key>sourceTree</key>
			<string>&lt;group&gt;</string>
		</dict>
		<key>2456D17D189C93B4008CF61F</key>
		<dict>
			<key>isa</key>
			<string>PBXFileReference</string>
			<key>lastKnownFileType</key>
			<string>sourcecode.c.h</string>
			<key>path</key>
			<string>XYZAppDelegate.h</string>
			<key>sourceTree</key>
			<string>&lt;group&gt;</string>
		</dict>
		<key>2456D17E189C93B4008CF61F</key>
		<dict>
			<key>isa</key>
			<string>PBXFileReference</string>
			<key>lastKnownFileType</key>
			<string>sourcecode.c.objc</string>
			<key>path</key>
			<string>XYZAppDelegate.m</string>
			<key>sourceTree</key>
			<string>&lt;group&gt;</string>
		</dict>
		<key>2456D17F189C93B4008CF61F</key>
		<dict>
			<key>fileRef</key>
			<string>2456D17E189C93B4008CF61F</string>
			<key>isa</key>
			<string>PBXBuildFile</string>
		</dict>
		<key>2456D180189C93B4008CF61F</key>
		<dict>
			<key>isa</key>
			<string>PBXFileReference</string>
			<key>lastKnownFileType</key>
			<string>sourcecode.c.h</string>
			<key>path</key>
			<string>XYZRootViewController.h</string>
			<key>sourceTree</key>
			<string>&lt;group&gt;</string>
		</dict>
		<key>2456D181189C93B4008CF61F</key>
		<dict>
			<key>isa</key>
			<string>PBXFileReference</string>
			<key>lastKnownFileType</key>
			<string>sourcecode.c.objc</string>
			<key>path</key>
			<string>XYZRootViewController.m</string>
			<key>sourceTree</key>
			<string>&lt;group&gt;</string>
		</dict>
		<key>2456D182189C93B4008CF61F</key>
		<dict>
			<key>fileRef</key>
			<string>2456D181189C93B4008CF61F</string>
			<key>isa</key>
			<string>PBXBuildFile</string>
		</dict>
		<key>2456D183189C93B4008CF61F</key>
		<dict>
			<key>isa</key>
			<string>PBXFileReference</string>
			<key>lastKnownFileType</key>
			<string>sourcecode.c.h</string>
			<key>path</key>
			<string>XYZDataViewController.h</string>
			<key>sourceTree</key>
			<string>&lt;group&gt;</string>
		</dict>
		<key>2456D184189C93B4008CF61F</key>
		<dict>
			<key>isa</key>
			<string>PBXFileReference</string>
			<key>lastKnownFileType</key>
			<string>sourcecode.c.objc</string>
			<key>path</key>
			<string>XYZDataViewController.m</string>
			<key>sourceTree</key>
			<string>&lt;group&gt;</string>
		</dict>
		<key>2456D185189C93B4008CF61F</key>
		<dict>
			<key>fileRef</key>
			<string>2456D184189C93B4008CF61F</string>
			<key>isa</key>
			<string>PBXBuildFile</string>
		</dict>
		<key>2456D186189C93B4008CF61F</key>
		<dict>
			<key>isa</key>
			<string>PBXFileReference</string>
			<key>lastKnownFileType</key>
			<string>sourcecode.c.h</string>
			<key>path</key>
			<string>XYZModelController.h</string>
			<key>sourceTree</key>
			<string>&lt;group&gt;</string>
		</dict>
		<key>2456D187189C93B4008CF61F</key>
		<dict>
			<key>isa</key>
			<string>PBXFileReference</string>
			<key>lastKnownFileType</key>
			<string>sourcecode.c.objc</string>
			<key>path</key>
			<string>XYZModelController.m</string>
			<key>sourceTree</key>
			<string>&lt;group&gt;</string>
		</dict>
		<key>2456D188189C93B4008CF61F</key>
		<dict>
			<key>fileRef</key>
			<string>2456D187189C93B4008CF61F</string>
			<key>isa</key>
			<string>PBXBuildFile</string>
		</dict>
		<key>2456D189189C93B4008CF61F</key>
		<dict>
			<key>children</key>
			<array>
				<string>2456D18A189C93B4008CF61F</string>
			</array>
			<key>isa</key>
			<string>PBXVariantGroup</string>
			<key>name</key>
			<string>Main.storyboard</string>
			<key>sourceTree</key>
			<string>&lt;group&gt;</string>
		</dict>
		<key>2456D18A189C93B4008CF61F</key>
		<dict>
			<key>isa</key>
			<string>PBXFileReference</string>
			<key>lastKnownFileType</key>
			<string>file.storyboard</string>
			<key>name</key>
			<string>Base</string>
			<key>path</key>
			<string>Base.lproj/Main.storyboard</string>
			<key>sourceTree</key>
			<string>&lt;group&gt;</string>
		</dict>
		<key>2456D18B189C93B4008CF61F</key>
		<dict>
			<key>fileRef</key>
			<string>2456D189189C93B4008CF61F</string>
			<key>isa</key>
			<string>PBXBuildFile</string>
		</dict>
		<key>2456D18C189C93B4008CF61F</key>
		<dict>
			<key>isa</key>
			<string>PBXFileReference</string>
			<key>lastKnownFileType</key>
			<string>folder.assetcatalog</string>
			<key>path</key>
			<string>Images.xcassets</string>
			<key>sourceTree</key>
			<string>&lt;group&gt;</string>
		</dict>
		<key>2456D18D189C93B4008CF61F</key>
		<dict>
			<key>fileRef</key>
			<string>2456D18C189C93B4008CF61F</string>
			<key>isa</key>
			<string>PBXBuildFile</string>
		</dict>
		<key>2456D18E189C93B4008CF61F</key>
		<dict>
			<key>buildActionMask</key>
			<string>2147483647</string>
			<key>files</key>
			<array>
				<string>2456D1A0189C93B4008CF61F</string>
				<string>24FFCEBD189CDB25004D706B</string>
			</array>
			<key>isa</key>
			<string>PBXSourcesBuildPhase</string>
			<key>runOnlyForDeploymentPostprocessing</key>
			<string>0</string>
		</dict>
		<key>2456D18F189C93B4008CF61F</key>
		<dict>
			<key>buildActionMask</key>
			<string>2147483647</string>
			<key>files</key>
			<array>
				<string>2456D194189C93B4008CF61F</string>
				<string>2456D196189C93B4008CF61F</string>
				<string>2456D195189C93B4008CF61F</string>
			</array>
			<key>isa</key>
			<string>PBXFrameworksBuildPhase</string>
			<key>runOnlyForDeploymentPostprocessing</key>
			<string>0</string>
		</dict>
		<key>2456D190189C93B4008CF61F</key>
		<dict>
			<key>buildActionMask</key>
			<string>2147483647</string>
			<key>files</key>
			<array>
				<string>24FFCEBF189CDB25004D706B</string>
				<string>2456D19E189C93B4008CF61F</string>
				<string>24FFCEB8189CD455004D706B</string>
			</array>
			<key>isa</key>
			<string>PBXResourcesBuildPhase</string>
			<key>runOnlyForDeploymentPostprocessing</key>
			<string>0</string>
		</dict>
		<key>2456D191189C93B4008CF61F</key>
		<dict>
			<key>buildConfigurationList</key>
			<string>2456D1A6189C93B4008CF61F</string>
			<key>buildPhases</key>
			<array>
				<string>2456D18E189C93B4008CF61F</string>
				<string>2456D18F189C93B4008CF61F</string>
				<string>2456D190189C93B4008CF61F</string>
			</array>
			<key>buildRules</key>
			<array/>
			<key>dependencies</key>
			<array>
				<string>2456D198189C93B4008CF61F</string>
			</array>
			<key>isa</key>
			<string>PBXNativeTarget</string>
			<key>name</key>
			<string>CrowdSoundTests</string>
			<key>productName</key>
			<string>CrowdSoundTests</string>
			<key>productReference</key>
			<string>2456D192189C93B4008CF61F</string>
			<key>productType</key>
			<string>com.apple.product-type.bundle.unit-test</string>
		</dict>
		<key>2456D192189C93B4008CF61F</key>
		<dict>
			<key>explicitFileType</key>
			<string>wrapper.cfbundle</string>
			<key>includeInIndex</key>
			<string>0</string>
			<key>isa</key>
			<string>PBXFileReference</string>
			<key>path</key>
			<string>CrowdSoundTests.xctest</string>
			<key>sourceTree</key>
			<string>BUILT_PRODUCTS_DIR</string>
		</dict>
		<key>2456D193189C93B4008CF61F</key>
		<dict>
			<key>isa</key>
			<string>PBXFileReference</string>
			<key>lastKnownFileType</key>
			<string>wrapper.framework</string>
			<key>name</key>
			<string>XCTest.framework</string>
			<key>path</key>
			<string>Library/Frameworks/XCTest.framework</string>
			<key>sourceTree</key>
			<string>DEVELOPER_DIR</string>
		</dict>
		<key>2456D194189C93B4008CF61F</key>
		<dict>
			<key>fileRef</key>
			<string>2456D193189C93B4008CF61F</string>
			<key>isa</key>
			<string>PBXBuildFile</string>
		</dict>
		<key>2456D195189C93B4008CF61F</key>
		<dict>
			<key>fileRef</key>
			<string>2456D16E189C93B4008CF61F</string>
			<key>isa</key>
			<string>PBXBuildFile</string>
		</dict>
		<key>2456D196189C93B4008CF61F</key>
		<dict>
			<key>fileRef</key>
			<string>2456D172189C93B4008CF61F</string>
			<key>isa</key>
			<string>PBXBuildFile</string>
		</dict>
		<key>2456D197189C93B4008CF61F</key>
		<dict>
			<key>containerPortal</key>
			<string>2456D163189C93B4008CF61F</string>
			<key>isa</key>
			<string>PBXContainerItemProxy</string>
			<key>proxyType</key>
			<string>1</string>
			<key>remoteGlobalIDString</key>
			<string>2456D16A189C93B4008CF61F</string>
			<key>remoteInfo</key>
			<string>CrowdSound</string>
		</dict>
		<key>2456D198189C93B4008CF61F</key>
		<dict>
			<key>isa</key>
			<string>PBXTargetDependency</string>
			<key>target</key>
			<string>2456D16A189C93B4008CF61F</string>
			<key>targetProxy</key>
			<string>2456D197189C93B4008CF61F</string>
		</dict>
		<key>2456D199189C93B4008CF61F</key>
		<dict>
			<key>children</key>
			<array>
				<string>2456D19F189C93B4008CF61F</string>
				<string>2456D19A189C93B4008CF61F</string>
			</array>
			<key>isa</key>
			<string>PBXGroup</string>
			<key>path</key>
			<string>CrowdSoundTests</string>
			<key>sourceTree</key>
			<string>&lt;group&gt;</string>
		</dict>
		<key>2456D19A189C93B4008CF61F</key>
		<dict>
			<key>children</key>
			<array>
				<string>2456D19B189C93B4008CF61F</string>
				<string>2456D19C189C93B4008CF61F</string>
			</array>
			<key>isa</key>
			<string>PBXGroup</string>
			<key>name</key>
			<string>Supporting Files</string>
			<key>sourceTree</key>
			<string>&lt;group&gt;</string>
		</dict>
		<key>2456D19B189C93B4008CF61F</key>
		<dict>
			<key>isa</key>
			<string>PBXFileReference</string>
			<key>lastKnownFileType</key>
			<string>text.plist.xml</string>
			<key>path</key>
			<string>CrowdSoundTests-Info.plist</string>
			<key>sourceTree</key>
			<string>&lt;group&gt;</string>
		</dict>
		<key>2456D19C189C93B4008CF61F</key>
		<dict>
			<key>children</key>
			<array>
				<string>2456D19D189C93B4008CF61F</string>
			</array>
			<key>isa</key>
			<string>PBXVariantGroup</string>
			<key>name</key>
			<string>InfoPlist.strings</string>
			<key>sourceTree</key>
			<string>&lt;group&gt;</string>
		</dict>
		<key>2456D19D189C93B4008CF61F</key>
		<dict>
			<key>isa</key>
			<string>PBXFileReference</string>
			<key>lastKnownFileType</key>
			<string>text.plist.strings</string>
			<key>name</key>
			<string>en</string>
			<key>path</key>
			<string>en.lproj/InfoPlist.strings</string>
			<key>sourceTree</key>
			<string>&lt;group&gt;</string>
		</dict>
		<key>2456D19E189C93B4008CF61F</key>
		<dict>
			<key>fileRef</key>
			<string>2456D19C189C93B4008CF61F</string>
			<key>isa</key>
			<string>PBXBuildFile</string>
		</dict>
		<key>2456D19F189C93B4008CF61F</key>
		<dict>
			<key>isa</key>
			<string>PBXFileReference</string>
			<key>lastKnownFileType</key>
			<string>sourcecode.c.objc</string>
			<key>path</key>
			<string>CrowdSoundTests.m</string>
			<key>sourceTree</key>
			<string>&lt;group&gt;</string>
		</dict>
		<key>2456D1A0189C93B4008CF61F</key>
		<dict>
			<key>fileRef</key>
			<string>2456D19F189C93B4008CF61F</string>
			<key>isa</key>
			<string>PBXBuildFile</string>
		</dict>
		<key>2456D1A1189C93B4008CF61F</key>
		<dict>
			<key>buildSettings</key>
			<dict>
				<key>ALWAYS_SEARCH_USER_PATHS</key>
				<string>NO</string>
				<key>ARCHS</key>
				<string>$(ARCHS_STANDARD_INCLUDING_64_BIT)</string>
				<key>CLANG_CXX_LANGUAGE_STANDARD</key>
				<string>gnu++0x</string>
				<key>CLANG_CXX_LIBRARY</key>
				<string>libc++</string>
				<key>CLANG_ENABLE_MODULES</key>
				<string>YES</string>
				<key>CLANG_ENABLE_OBJC_ARC</key>
				<string>YES</string>
				<key>CLANG_WARN_BOOL_CONVERSION</key>
				<string>YES</string>
				<key>CLANG_WARN_CONSTANT_CONVERSION</key>
				<string>YES</string>
				<key>CLANG_WARN_DIRECT_OBJC_ISA_USAGE</key>
				<string>YES_ERROR</string>
				<key>CLANG_WARN_EMPTY_BODY</key>
				<string>YES</string>
				<key>CLANG_WARN_ENUM_CONVERSION</key>
				<string>YES</string>
				<key>CLANG_WARN_INT_CONVERSION</key>
				<string>YES</string>
				<key>CLANG_WARN_OBJC_ROOT_CLASS</key>
				<string>YES_ERROR</string>
				<key>CLANG_WARN__DUPLICATE_METHOD_MATCH</key>
				<string>YES</string>
				<key>CODE_SIGN_IDENTITY[sdk=iphoneos*]</key>
				<string>iPhone Developer</string>
				<key>COPY_PHASE_STRIP</key>
				<string>NO</string>
				<key>GCC_C_LANGUAGE_STANDARD</key>
				<string>gnu99</string>
				<key>GCC_DYNAMIC_NO_PIC</key>
				<string>NO</string>
				<key>GCC_OPTIMIZATION_LEVEL</key>
				<string>0</string>
				<key>GCC_PREPROCESSOR_DEFINITIONS</key>
				<array>
					<string>DEBUG=1</string>
					<string>$(inherited)</string>
				</array>
				<key>GCC_SYMBOLS_PRIVATE_EXTERN</key>
				<string>NO</string>
				<key>GCC_WARN_64_TO_32_BIT_CONVERSION</key>
				<string>YES</string>
				<key>GCC_WARN_ABOUT_RETURN_TYPE</key>
				<string>YES_ERROR</string>
				<key>GCC_WARN_UNDECLARED_SELECTOR</key>
				<string>YES</string>
				<key>GCC_WARN_UNINITIALIZED_AUTOS</key>
				<string>YES</string>
				<key>GCC_WARN_UNUSED_FUNCTION</key>
				<string>YES</string>
				<key>GCC_WARN_UNUSED_VARIABLE</key>
				<string>YES</string>
				<key>IPHONEOS_DEPLOYMENT_TARGET</key>
				<string>7.0</string>
				<key>ONLY_ACTIVE_ARCH</key>
				<string>YES</string>
				<key>SDKROOT</key>
				<string>iphoneos</string>
			</dict>
			<key>isa</key>
			<string>XCBuildConfiguration</string>
			<key>name</key>
			<string>Debug</string>
		</dict>
		<key>2456D1A2189C93B4008CF61F</key>
		<dict>
			<key>buildSettings</key>
			<dict>
				<key>ALWAYS_SEARCH_USER_PATHS</key>
				<string>NO</string>
				<key>ARCHS</key>
				<string>$(ARCHS_STANDARD_INCLUDING_64_BIT)</string>
				<key>CLANG_CXX_LANGUAGE_STANDARD</key>
				<string>gnu++0x</string>
				<key>CLANG_CXX_LIBRARY</key>
				<string>libc++</string>
				<key>CLANG_ENABLE_MODULES</key>
				<string>YES</string>
				<key>CLANG_ENABLE_OBJC_ARC</key>
				<string>YES</string>
				<key>CLANG_WARN_BOOL_CONVERSION</key>
				<string>YES</string>
				<key>CLANG_WARN_CONSTANT_CONVERSION</key>
				<string>YES</string>
				<key>CLANG_WARN_DIRECT_OBJC_ISA_USAGE</key>
				<string>YES_ERROR</string>
				<key>CLANG_WARN_EMPTY_BODY</key>
				<string>YES</string>
				<key>CLANG_WARN_ENUM_CONVERSION</key>
				<string>YES</string>
				<key>CLANG_WARN_INT_CONVERSION</key>
				<string>YES</string>
				<key>CLANG_WARN_OBJC_ROOT_CLASS</key>
				<string>YES_ERROR</string>
				<key>CLANG_WARN__DUPLICATE_METHOD_MATCH</key>
				<string>YES</string>
				<key>CODE_SIGN_IDENTITY[sdk=iphoneos*]</key>
				<string>iPhone Developer</string>
				<key>COPY_PHASE_STRIP</key>
				<string>YES</string>
				<key>ENABLE_NS_ASSERTIONS</key>
				<string>NO</string>
				<key>GCC_C_LANGUAGE_STANDARD</key>
				<string>gnu99</string>
				<key>GCC_WARN_64_TO_32_BIT_CONVERSION</key>
				<string>YES</string>
				<key>GCC_WARN_ABOUT_RETURN_TYPE</key>
				<string>YES_ERROR</string>
				<key>GCC_WARN_UNDECLARED_SELECTOR</key>
				<string>YES</string>
				<key>GCC_WARN_UNINITIALIZED_AUTOS</key>
				<string>YES</string>
				<key>GCC_WARN_UNUSED_FUNCTION</key>
				<string>YES</string>
				<key>GCC_WARN_UNUSED_VARIABLE</key>
				<string>YES</string>
				<key>IPHONEOS_DEPLOYMENT_TARGET</key>
				<string>7.0</string>
				<key>SDKROOT</key>
				<string>iphoneos</string>
				<key>VALIDATE_PRODUCT</key>
				<string>YES</string>
			</dict>
			<key>isa</key>
			<string>XCBuildConfiguration</string>
			<key>name</key>
			<string>Release</string>
		</dict>
		<key>2456D1A3189C93B4008CF61F</key>
		<dict>
			<key>buildConfigurations</key>
			<array>
				<string>2456D1A4189C93B4008CF61F</string>
				<string>2456D1A5189C93B4008CF61F</string>
			</array>
			<key>defaultConfigurationIsVisible</key>
			<string>0</string>
			<key>defaultConfigurationName</key>
			<string>Release</string>
			<key>isa</key>
			<string>XCConfigurationList</string>
		</dict>
		<key>2456D1A4189C93B4008CF61F</key>
		<dict>
			<key>baseConfigurationReference</key>
			<string>9CBE68FEC7D4462A82219770</string>
			<key>buildSettings</key>
			<dict>
				<key>ASSETCATALOG_COMPILER_APPICON_NAME</key>
				<string>AppIcon</string>
				<key>ASSETCATALOG_COMPILER_LAUNCHIMAGE_NAME</key>
				<string>LaunchImage</string>
				<key>CODE_SIGN_IDENTITY</key>
				<string>iPhone Developer</string>
				<key>GCC_PRECOMPILE_PREFIX_HEADER</key>
				<string>YES</string>
				<key>GCC_PREFIX_HEADER</key>
				<string>CrowdSound/CrowdSound-Prefix.pch</string>
				<key>HEADER_SEARCH_PATHS</key>
				<array>
					<string>$(inherited)</string>
					<string>/Applications/Xcode.app/Contents/Developer/Toolchains/XcodeDefault.xctoolchain/usr/include</string>
					<string>$PROJECT_DIR/**</string>
				</array>
				<key>INFOPLIST_FILE</key>
				<string>CrowdSound/CrowdSound-Info.plist</string>
				<key>OTHER_LDFLAGS</key>
				<array>
					<string>-all_load</string>
					<string>-ObjC</string>
				</array>
				<key>PRODUCT_NAME</key>
				<string>$(TARGET_NAME)</string>
				<key>WRAPPER_EXTENSION</key>
				<string>app</string>
			</dict>
			<key>isa</key>
			<string>XCBuildConfiguration</string>
			<key>name</key>
			<string>Debug</string>
		</dict>
		<key>2456D1A5189C93B4008CF61F</key>
		<dict>
			<key>baseConfigurationReference</key>
			<string>9CBE68FEC7D4462A82219770</string>
			<key>buildSettings</key>
			<dict>
				<key>ASSETCATALOG_COMPILER_APPICON_NAME</key>
				<string>AppIcon</string>
				<key>ASSETCATALOG_COMPILER_LAUNCHIMAGE_NAME</key>
				<string>LaunchImage</string>
				<key>CODE_SIGN_IDENTITY</key>
				<string>iPhone Developer</string>
				<key>GCC_PRECOMPILE_PREFIX_HEADER</key>
				<string>YES</string>
				<key>GCC_PREFIX_HEADER</key>
				<string>CrowdSound/CrowdSound-Prefix.pch</string>
				<key>HEADER_SEARCH_PATHS</key>
				<array>
					<string>$(inherited)</string>
					<string>/Applications/Xcode.app/Contents/Developer/Toolchains/XcodeDefault.xctoolchain/usr/include</string>
					<string>$PROJECT_DIR/**</string>
				</array>
				<key>INFOPLIST_FILE</key>
				<string>CrowdSound/CrowdSound-Info.plist</string>
				<key>OTHER_LDFLAGS</key>
				<array>
					<string>-all_load</string>
					<string>-ObjC</string>
				</array>
				<key>PRODUCT_NAME</key>
				<string>$(TARGET_NAME)</string>
				<key>WRAPPER_EXTENSION</key>
				<string>app</string>
			</dict>
			<key>isa</key>
			<string>XCBuildConfiguration</string>
			<key>name</key>
			<string>Release</string>
		</dict>
		<key>2456D1A6189C93B4008CF61F</key>
		<dict>
			<key>buildConfigurations</key>
			<array>
				<string>2456D1A7189C93B4008CF61F</string>
				<string>2456D1A8189C93B4008CF61F</string>
			</array>
			<key>defaultConfigurationIsVisible</key>
			<string>0</string>
			<key>defaultConfigurationName</key>
			<string>Release</string>
			<key>isa</key>
			<string>XCConfigurationList</string>
		</dict>
		<key>2456D1A7189C93B4008CF61F</key>
		<dict>
			<key>buildSettings</key>
			<dict>
				<key>ARCHS</key>
				<string>$(ARCHS_STANDARD_INCLUDING_64_BIT)</string>
				<key>BUNDLE_LOADER</key>
				<string>$(BUILT_PRODUCTS_DIR)/CrowdSound.app/CrowdSound</string>
				<key>FRAMEWORK_SEARCH_PATHS</key>
				<array>
					<string>$(SDKROOT)/Developer/Library/Frameworks</string>
					<string>$(inherited)</string>
					<string>$(DEVELOPER_FRAMEWORKS_DIR)</string>
				</array>
				<key>GCC_PRECOMPILE_PREFIX_HEADER</key>
				<string>YES</string>
				<key>GCC_PREFIX_HEADER</key>
				<string>CrowdSound/CrowdSound-Prefix.pch</string>
				<key>GCC_PREPROCESSOR_DEFINITIONS</key>
				<array>
					<string>DEBUG=1</string>
					<string>$(inherited)</string>
				</array>
				<key>INFOPLIST_FILE</key>
				<string>CrowdSoundTests/CrowdSoundTests-Info.plist</string>
				<key>PRODUCT_NAME</key>
				<string>$(TARGET_NAME)</string>
				<key>TEST_HOST</key>
				<string>$(BUNDLE_LOADER)</string>
				<key>WRAPPER_EXTENSION</key>
				<string>xctest</string>
			</dict>
			<key>isa</key>
			<string>XCBuildConfiguration</string>
			<key>name</key>
			<string>Debug</string>
		</dict>
		<key>2456D1A8189C93B4008CF61F</key>
		<dict>
			<key>buildSettings</key>
			<dict>
				<key>ARCHS</key>
				<string>$(ARCHS_STANDARD_INCLUDING_64_BIT)</string>
				<key>BUNDLE_LOADER</key>
				<string>$(BUILT_PRODUCTS_DIR)/CrowdSound.app/CrowdSound</string>
				<key>FRAMEWORK_SEARCH_PATHS</key>
				<array>
					<string>$(SDKROOT)/Developer/Library/Frameworks</string>
					<string>$(inherited)</string>
					<string>$(DEVELOPER_FRAMEWORKS_DIR)</string>
				</array>
				<key>GCC_PRECOMPILE_PREFIX_HEADER</key>
				<string>YES</string>
				<key>GCC_PREFIX_HEADER</key>
				<string>CrowdSound/CrowdSound-Prefix.pch</string>
				<key>INFOPLIST_FILE</key>
				<string>CrowdSoundTests/CrowdSoundTests-Info.plist</string>
				<key>PRODUCT_NAME</key>
				<string>$(TARGET_NAME)</string>
				<key>TEST_HOST</key>
				<string>$(BUNDLE_LOADER)</string>
				<key>WRAPPER_EXTENSION</key>
				<string>xctest</string>
			</dict>
			<key>isa</key>
			<string>XCBuildConfiguration</string>
			<key>name</key>
			<string>Release</string>
		</dict>
		<key>24FFCE7D189CD2CF004D706B</key>
		<dict>
			<key>isa</key>
			<string>PBXFileReference</string>
			<key>lastKnownFileType</key>
			<string>wrapper.pb-project</string>
			<key>name</key>
			<string>SoundCloudAPI.xcodeproj</string>
			<key>path</key>
			<string>../CocoaSoundCloudAPI/SoundCloudAPI.xcodeproj</string>
			<key>sourceTree</key>
			<string>&lt;group&gt;</string>
		</dict>
		<key>24FFCE7E189CD2CF004D706B</key>
		<dict>
			<key>children</key>
			<array>
				<string>24FFCE83189CD2CF004D706B</string>
				<string>24FFCE85189CD2CF004D706B</string>
			</array>
			<key>isa</key>
			<string>PBXGroup</string>
			<key>name</key>
			<string>Products</string>
			<key>sourceTree</key>
			<string>&lt;group&gt;</string>
		</dict>
		<key>24FFCE82189CD2CF004D706B</key>
		<dict>
			<key>containerPortal</key>
			<string>24FFCE7D189CD2CF004D706B</string>
			<key>isa</key>
			<string>PBXContainerItemProxy</string>
			<key>proxyType</key>
			<string>2</string>
			<key>remoteGlobalIDString</key>
			<string>94535F86123FAFDF00BD668A</string>
			<key>remoteInfo</key>
			<string>SoundCloudAPI.framework</string>
		</dict>
		<key>24FFCE83189CD2CF004D706B</key>
		<dict>
			<key>fileType</key>
			<string>wrapper.framework</string>
			<key>isa</key>
			<string>PBXReferenceProxy</string>
			<key>path</key>
			<string>SoundCloudAPI.framework</string>
			<key>remoteRef</key>
			<string>24FFCE82189CD2CF004D706B</string>
			<key>sourceTree</key>
			<string>BUILT_PRODUCTS_DIR</string>
		</dict>
		<key>24FFCE84189CD2CF004D706B</key>
		<dict>
			<key>containerPortal</key>
			<string>24FFCE7D189CD2CF004D706B</string>
			<key>isa</key>
			<string>PBXContainerItemProxy</string>
			<key>proxyType</key>
			<string>2</string>
			<key>remoteGlobalIDString</key>
			<string>D2AAC07E0554694100DB518D</string>
			<key>remoteInfo</key>
			<string>SoundCloudAPI</string>
		</dict>
		<key>24FFCE85189CD2CF004D706B</key>
		<dict>
			<key>fileType</key>
			<string>archive.ar</string>
			<key>isa</key>
			<string>PBXReferenceProxy</string>
			<key>path</key>
			<string>libSoundCloudAPI.a</string>
			<key>remoteRef</key>
			<string>24FFCE84189CD2CF004D706B</string>
			<key>sourceTree</key>
			<string>BUILT_PRODUCTS_DIR</string>
		</dict>
		<key>24FFCE86189CD306004D706B</key>
		<dict>
			<key>isa</key>
			<string>PBXFileReference</string>
			<key>lastKnownFileType</key>
			<string>wrapper.pb-project</string>
			<key>name</key>
			<string>SoundCloudUI.xcodeproj</string>
			<key>path</key>
			<string>../CocoaSoundCloudUI/SoundCloudUI.xcodeproj</string>
			<key>sourceTree</key>
			<string>&lt;group&gt;</string>
		</dict>
		<key>24FFCE87189CD306004D706B</key>
		<dict>
			<key>children</key>
			<array>
				<string>24FFCE8C189CD306004D706B</string>
				<string>24FFCE8E189CD306004D706B</string>
			</array>
			<key>isa</key>
			<string>PBXGroup</string>
			<key>name</key>
			<string>Products</string>
			<key>sourceTree</key>
			<string>&lt;group&gt;</string>
		</dict>
		<key>24FFCE8B189CD306004D706B</key>
		<dict>
			<key>containerPortal</key>
			<string>24FFCE86189CD306004D706B</string>
			<key>isa</key>
			<string>PBXContainerItemProxy</string>
			<key>proxyType</key>
			<string>2</string>
			<key>remoteGlobalIDString</key>
			<string>F6EF8C6113F929D700B20B40</string>
			<key>remoteInfo</key>
			<string>libSoundCloudUI</string>
		</dict>
		<key>24FFCE8C189CD306004D706B</key>
		<dict>
			<key>fileType</key>
			<string>archive.ar</string>
			<key>isa</key>
			<string>PBXReferenceProxy</string>
			<key>path</key>
			<string>libSoundCloudUI.a</string>
			<key>remoteRef</key>
			<string>24FFCE8B189CD306004D706B</string>
			<key>sourceTree</key>
			<string>BUILT_PRODUCTS_DIR</string>
		</dict>
		<key>24FFCE8D189CD306004D706B</key>
		<dict>
			<key>containerPortal</key>
			<string>24FFCE86189CD306004D706B</string>
			<key>isa</key>
			<string>PBXContainerItemProxy</string>
			<key>proxyType</key>
			<string>2</string>
			<key>remoteGlobalIDString</key>
			<string>F62E0CE5148FB27100BE8F14</string>
			<key>remoteInfo</key>
			<string>SoundCloudUI.framework</string>
		</dict>
		<key>24FFCE8E189CD306004D706B</key>
		<dict>
			<key>fileType</key>
			<string>wrapper.framework</string>
			<key>isa</key>
			<string>PBXReferenceProxy</string>
			<key>path</key>
			<string>SoundCloudUI.framework</string>
			<key>remoteRef</key>
			<string>24FFCE8D189CD306004D706B</string>
			<key>sourceTree</key>
			<string>BUILT_PRODUCTS_DIR</string>
		</dict>
		<key>24FFCE8F189CD311004D706B</key>
		<dict>
			<key>isa</key>
			<string>PBXFileReference</string>
			<key>lastKnownFileType</key>
			<string>wrapper.pb-project</string>
			<key>name</key>
			<string>JSONKit.xcodeproj</string>
			<key>path</key>
			<string>../JSONKit/JSONKit.xcodeproj</string>
			<key>sourceTree</key>
			<string>&lt;group&gt;</string>
		</dict>
		<key>24FFCE90189CD311004D706B</key>
		<dict>
			<key>children</key>
			<array>
				<string>24FFCE95189CD311004D706B</string>
				<string>24FFCE97189CD311004D706B</string>
			</array>
			<key>isa</key>
			<string>PBXGroup</string>
			<key>name</key>
			<string>Products</string>
			<key>sourceTree</key>
			<string>&lt;group&gt;</string>
		</dict>
		<key>24FFCE94189CD311004D706B</key>
		<dict>
			<key>containerPortal</key>
			<string>24FFCE8F189CD311004D706B</string>
			<key>isa</key>
			<string>PBXContainerItemProxy</string>
			<key>proxyType</key>
			<string>2</string>
			<key>remoteGlobalIDString</key>
			<string>F6803523148F6D22008A51BA</string>
			<key>remoteInfo</key>
			<string>libJSONKit</string>
		</dict>
		<key>24FFCE95189CD311004D706B</key>
		<dict>
			<key>fileType</key>
			<string>archive.ar</string>
			<key>isa</key>
			<string>PBXReferenceProxy</string>
			<key>path</key>
			<string>libJSONKit.a</string>
			<key>remoteRef</key>
			<string>24FFCE94189CD311004D706B</string>
			<key>sourceTree</key>
			<string>BUILT_PRODUCTS_DIR</string>
		</dict>
		<key>24FFCE96189CD311004D706B</key>
		<dict>
			<key>containerPortal</key>
			<string>24FFCE8F189CD311004D706B</string>
			<key>isa</key>
			<string>PBXContainerItemProxy</string>
			<key>proxyType</key>
			<string>2</string>
			<key>remoteGlobalIDString</key>
			<string>F6AE0202148F825C0004909F</string>
			<key>remoteInfo</key>
			<string>JSONKit.framework</string>
		</dict>
		<key>24FFCE97189CD311004D706B</key>
		<dict>
			<key>fileType</key>
			<string>wrapper.framework</string>
			<key>isa</key>
			<string>PBXReferenceProxy</string>
			<key>path</key>
			<string>JSONKit.framework</string>
			<key>remoteRef</key>
			<string>24FFCE96189CD311004D706B</string>
			<key>sourceTree</key>
			<string>BUILT_PRODUCTS_DIR</string>
		</dict>
		<key>24FFCE98189CD321004D706B</key>
		<dict>
			<key>isa</key>
			<string>PBXFileReference</string>
			<key>lastKnownFileType</key>
			<string>wrapper.pb-project</string>
			<key>name</key>
			<string>OAuth2Client.xcodeproj</string>
			<key>path</key>
			<string>../OAuth2Client/OAuth2Client.xcodeproj</string>
			<key>sourceTree</key>
			<string>&lt;group&gt;</string>
		</dict>
		<key>24FFCE99189CD321004D706B</key>
		<dict>
			<key>children</key>
			<array>
				<string>24FFCE9E189CD321004D706B</string>
				<string>24FFCEA0189CD321004D706B</string>
			</array>
			<key>isa</key>
			<string>PBXGroup</string>
			<key>name</key>
			<string>Products</string>
			<key>sourceTree</key>
			<string>&lt;group&gt;</string>
		</dict>
		<key>24FFCE9D189CD321004D706B</key>
		<dict>
			<key>containerPortal</key>
			<string>24FFCE98189CD321004D706B</string>
			<key>isa</key>
			<string>PBXContainerItemProxy</string>
			<key>proxyType</key>
			<string>2</string>
			<key>remoteGlobalIDString</key>
			<string>942FFCD612315E0A00E6C65E</string>
			<key>remoteInfo</key>
			<string>OAuth2Client.framework</string>
		</dict>
		<key>24FFCE9E189CD321004D706B</key>
		<dict>
			<key>fileType</key>
			<string>wrapper.framework</string>
			<key>isa</key>
			<string>PBXReferenceProxy</string>
			<key>path</key>
			<string>OAuth2Client.framework</string>
			<key>remoteRef</key>
			<string>24FFCE9D189CD321004D706B</string>
			<key>sourceTree</key>
			<string>BUILT_PRODUCTS_DIR</string>
		</dict>
		<key>24FFCE9F189CD321004D706B</key>
		<dict>
			<key>containerPortal</key>
			<string>24FFCE98189CD321004D706B</string>
			<key>isa</key>
			<string>PBXContainerItemProxy</string>
			<key>proxyType</key>
			<string>2</string>
			<key>remoteGlobalIDString</key>
			<string>D2AAC07E0554694100DB518D</string>
			<key>remoteInfo</key>
			<string>OAuth2Client</string>
		</dict>
		<key>24FFCEA0189CD321004D706B</key>
		<dict>
			<key>fileType</key>
			<string>archive.ar</string>
			<key>isa</key>
			<string>PBXReferenceProxy</string>
			<key>path</key>
			<string>libOAuth2Client.a</string>
			<key>remoteRef</key>
			<string>24FFCE9F189CD321004D706B</string>
			<key>sourceTree</key>
			<string>BUILT_PRODUCTS_DIR</string>
		</dict>
		<key>24FFCEA1189CD32D004D706B</key>
		<dict>
			<key>isa</key>
			<string>PBXFileReference</string>
			<key>lastKnownFileType</key>
			<string>wrapper.pb-project</string>
			<key>name</key>
			<string>OHAttributedLabel.xcodeproj</string>
			<key>path</key>
			<string>../OHAttributedLabel/OHAttributedLabel.xcodeproj</string>
			<key>sourceTree</key>
			<string>&lt;group&gt;</string>
		</dict>
		<key>24FFCEA2189CD32D004D706B</key>
		<dict>
			<key>children</key>
			<array>
				<string>24FFCEA6189CD32D004D706B</string>
			</array>
			<key>isa</key>
			<string>PBXGroup</string>
			<key>name</key>
			<string>Products</string>
			<key>sourceTree</key>
			<string>&lt;group&gt;</string>
		</dict>
		<key>24FFCEA5189CD32D004D706B</key>
		<dict>
			<key>containerPortal</key>
			<string>24FFCEA1189CD32D004D706B</string>
			<key>isa</key>
			<string>PBXContainerItemProxy</string>
			<key>proxyType</key>
			<string>2</string>
			<key>remoteGlobalIDString</key>
			<string>F62728FA148F70DF00314599</string>
			<key>remoteInfo</key>
			<string>OHAttributedLabel</string>
		</dict>
		<key>24FFCEA6189CD32D004D706B</key>
		<dict>
			<key>fileType</key>
			<string>archive.ar</string>
			<key>isa</key>
			<string>PBXReferenceProxy</string>
			<key>path</key>
			<string>libOHAttributedLabel.a</string>
			<key>remoteRef</key>
			<string>24FFCEA5189CD32D004D706B</string>
			<key>sourceTree</key>
			<string>BUILT_PRODUCTS_DIR</string>
		</dict>
		<key>24FFCEA7189CD37F004D706B</key>
		<dict>
			<key>containerPortal</key>
			<string>24FFCE86189CD306004D706B</string>
			<key>isa</key>
			<string>PBXContainerItemProxy</string>
			<key>proxyType</key>
			<string>1</string>
			<key>remoteGlobalIDString</key>
			<string>F6EF8C6013F929D700B20B40</string>
			<key>remoteInfo</key>
			<string>libSoundCloudUI</string>
		</dict>
		<key>24FFCEA8189CD37F004D706B</key>
		<dict>
			<key>isa</key>
			<string>PBXTargetDependency</string>
			<key>name</key>
			<string>libSoundCloudUI</string>
			<key>targetProxy</key>
			<string>24FFCEA7189CD37F004D706B</string>
		</dict>
		<key>24FFCEA9189CD3AB004D706B</key>
		<dict>
			<key>containerPortal</key>
			<string>24FFCEA1189CD32D004D706B</string>
			<key>isa</key>
			<string>PBXContainerItemProxy</string>
			<key>proxyType</key>
			<string>1</string>
			<key>remoteGlobalIDString</key>
			<string>F62728F9148F70DF00314599</string>
			<key>remoteInfo</key>
			<string>OHAttributedLabel</string>
		</dict>
		<key>24FFCEAA189CD3AB004D706B</key>
		<dict>
			<key>isa</key>
			<string>PBXTargetDependency</string>
			<key>name</key>
			<string>OHAttributedLabel</string>
			<key>targetProxy</key>
			<string>24FFCEA9189CD3AB004D706B</string>
		</dict>
		<key>24FFCEAB189CD3AB004D706B</key>
		<dict>
			<key>containerPortal</key>
			<string>24FFCE98189CD321004D706B</string>
			<key>isa</key>
			<string>PBXContainerItemProxy</string>
			<key>proxyType</key>
			<string>1</string>
			<key>remoteGlobalIDString</key>
			<string>D2AAC07D0554694100DB518D</string>
			<key>remoteInfo</key>
			<string>OAuth2Client</string>
		</dict>
		<key>24FFCEAC189CD3AB004D706B</key>
		<dict>
			<key>isa</key>
			<string>PBXTargetDependency</string>
			<key>name</key>
			<string>OAuth2Client</string>
			<key>targetProxy</key>
			<string>24FFCEAB189CD3AB004D706B</string>
		</dict>
		<key>24FFCEAD189CD3AB004D706B</key>
		<dict>
			<key>containerPortal</key>
			<string>24FFCE8F189CD311004D706B</string>
			<key>isa</key>
			<string>PBXContainerItemProxy</string>
			<key>proxyType</key>
			<string>1</string>
			<key>remoteGlobalIDString</key>
			<string>F6803522148F6D22008A51BA</string>
			<key>remoteInfo</key>
			<string>libJSONKit</string>
		</dict>
		<key>24FFCEAE189CD3AB004D706B</key>
		<dict>
			<key>isa</key>
			<string>PBXTargetDependency</string>
			<key>name</key>
			<string>libJSONKit</string>
			<key>targetProxy</key>
			<string>24FFCEAD189CD3AB004D706B</string>
		</dict>
		<key>24FFCEAF189CD3AB004D706B</key>
		<dict>
			<key>containerPortal</key>
			<string>24FFCE7D189CD2CF004D706B</string>
			<key>isa</key>
			<string>PBXContainerItemProxy</string>
			<key>proxyType</key>
			<string>1</string>
			<key>remoteGlobalIDString</key>
			<string>D2AAC07D0554694100DB518D</string>
			<key>remoteInfo</key>
			<string>SoundCloudAPI</string>
		</dict>
		<key>24FFCEB0189CD3AB004D706B</key>
		<dict>
			<key>isa</key>
			<string>PBXTargetDependency</string>
			<key>name</key>
			<string>SoundCloudAPI</string>
			<key>targetProxy</key>
			<string>24FFCEAF189CD3AB004D706B</string>
		</dict>
		<key>24FFCEB1189CD3DA004D706B</key>
		<dict>
			<key>fileRef</key>
			<string>24FFCE95189CD311004D706B</string>
			<key>isa</key>
			<string>PBXBuildFile</string>
		</dict>
		<key>24FFCEB2189CD3DA004D706B</key>
		<dict>
			<key>fileRef</key>
			<string>24FFCEA0189CD321004D706B</string>
			<key>isa</key>
			<string>PBXBuildFile</string>
		</dict>
		<key>24FFCEB3189CD3DA004D706B</key>
		<dict>
			<key>fileRef</key>
			<string>24FFCEA6189CD32D004D706B</string>
			<key>isa</key>
			<string>PBXBuildFile</string>
		</dict>
		<key>24FFCEB4189CD3DA004D706B</key>
		<dict>
			<key>fileRef</key>
			<string>24FFCE85189CD2CF004D706B</string>
			<key>isa</key>
			<string>PBXBuildFile</string>
		</dict>
		<key>24FFCEB5189CD3DA004D706B</key>
		<dict>
			<key>fileRef</key>
			<string>24FFCE8C189CD306004D706B</string>
			<key>isa</key>
			<string>PBXBuildFile</string>
		</dict>
		<key>24FFCEB6189CD455004D706B</key>
		<dict>
			<key>isa</key>
			<string>PBXFileReference</string>
			<key>lastKnownFileType</key>
			<string>wrapper.plug-in</string>
			<key>path</key>
			<string>SoundCloud.bundle</string>
			<key>sourceTree</key>
			<string>&lt;group&gt;</string>
		</dict>
		<key>24FFCEB7189CD455004D706B</key>
		<dict>
			<key>fileRef</key>
			<string>24FFCEB6189CD455004D706B</string>
			<key>isa</key>
			<string>PBXBuildFile</string>
		</dict>
		<key>24FFCEB8189CD455004D706B</key>
		<dict>
			<key>fileRef</key>
			<string>24FFCEB6189CD455004D706B</string>
			<key>isa</key>
			<string>PBXBuildFile</string>
		</dict>
		<key>24FFCEB9189CDB25004D706B</key>
		<dict>
			<key>fileEncoding</key>
			<string>4</string>
			<key>isa</key>
			<string>PBXFileReference</string>
			<key>lastKnownFileType</key>
			<string>sourcecode.c.h</string>
			<key>path</key>
			<string>SCTTrackListViewController.h</string>
			<key>sourceTree</key>
			<string>&lt;group&gt;</string>
		</dict>
		<key>24FFCEBA189CDB25004D706B</key>
		<dict>
			<key>fileEncoding</key>
			<string>4</string>
			<key>isa</key>
			<string>PBXFileReference</string>
			<key>lastKnownFileType</key>
			<string>sourcecode.c.objc</string>
			<key>path</key>
			<string>SCTTrackListViewController.m</string>
			<key>sourceTree</key>
			<string>&lt;group&gt;</string>
		</dict>
		<key>24FFCEBB189CDB25004D706B</key>
		<dict>
			<key>fileEncoding</key>
			<string>4</string>
			<key>isa</key>
			<string>PBXFileReference</string>
			<key>lastKnownFileType</key>
			<string>file.xib</string>
			<key>path</key>
			<string>SCTTrackListViewController.xib</string>
			<key>sourceTree</key>
			<string>&lt;group&gt;</string>
		</dict>
		<key>24FFCEBC189CDB25004D706B</key>
		<dict>
			<key>fileRef</key>
			<string>24FFCEBA189CDB25004D706B</string>
			<key>isa</key>
			<string>PBXBuildFile</string>
		</dict>
		<key>24FFCEBD189CDB25004D706B</key>
		<dict>
			<key>fileRef</key>
			<string>24FFCEBA189CDB25004D706B</string>
			<key>isa</key>
			<string>PBXBuildFile</string>
		</dict>
		<key>24FFCEBE189CDB25004D706B</key>
		<dict>
			<key>fileRef</key>
			<string>24FFCEBB189CDB25004D706B</string>
			<key>isa</key>
			<string>PBXBuildFile</string>
		</dict>
		<key>24FFCEBF189CDB25004D706B</key>
		<dict>
			<key>fileRef</key>
			<string>24FFCEBB189CDB25004D706B</string>
			<key>isa</key>
			<string>PBXBuildFile</string>
		</dict>
		<key>2A17D568189CC0B900263305</key>
		<dict>
			<key>isa</key>
			<string>PBXFileReference</string>
			<key>lastKnownFileType</key>
			<string>wrapper.framework</string>
			<key>name</key>
			<string>AddressBook.framework</string>
			<key>path</key>
			<string>System/Library/Frameworks/AddressBook.framework</string>
			<key>sourceTree</key>
			<string>SDKROOT</string>
		</dict>
		<key>2A17D569189CC0B900263305</key>
		<dict>
			<key>fileRef</key>
			<string>2A17D568189CC0B900263305</string>
			<key>isa</key>
			<string>PBXBuildFile</string>
		</dict>
		<key>2A17D56A189CC0BE00263305</key>
		<dict>
			<key>isa</key>
			<string>PBXFileReference</string>
			<key>lastKnownFileType</key>
			<string>wrapper.framework</string>
			<key>name</key>
			<string>AddressBookUI.framework</string>
			<key>path</key>
			<string>System/Library/Frameworks/AddressBookUI.framework</string>
			<key>sourceTree</key>
			<string>SDKROOT</string>
		</dict>
		<key>2A17D56B189CC0BE00263305</key>
		<dict>
			<key>fileRef</key>
			<string>2A17D56A189CC0BE00263305</string>
			<key>isa</key>
			<string>PBXBuildFile</string>
		</dict>
		<key>2A17D56C189CC0D000263305</key>
		<dict>
			<key>isa</key>
			<string>PBXFileReference</string>
			<key>lastKnownFileType</key>
			<string>wrapper.framework</string>
			<key>name</key>
			<string>CoreLocation.framework</string>
			<key>path</key>
			<string>System/Library/Frameworks/CoreLocation.framework</string>
			<key>sourceTree</key>
			<string>SDKROOT</string>
		</dict>
		<key>2A17D56D189CC0D000263305</key>
		<dict>
			<key>fileRef</key>
			<string>2A17D56C189CC0D000263305</string>
			<key>isa</key>
			<string>PBXBuildFile</string>
		</dict>
		<key>2A17D56E189CC0DB00263305</key>
		<dict>
			<key>isa</key>
			<string>PBXFileReference</string>
			<key>lastKnownFileType</key>
			<string>wrapper.framework</string>
			<key>name</key>
			<string>CoreText.framework</string>
			<key>path</key>
			<string>System/Library/Frameworks/CoreText.framework</string>
			<key>sourceTree</key>
			<string>SDKROOT</string>
		</dict>
		<key>2A17D56F189CC0DB00263305</key>
		<dict>
			<key>fileRef</key>
			<string>2A17D56E189CC0DB00263305</string>
			<key>isa</key>
			<string>PBXBuildFile</string>
		</dict>
		<key>2A17D570189CC0E700263305</key>
		<dict>
			<key>isa</key>
			<string>PBXFileReference</string>
			<key>lastKnownFileType</key>
			<string>wrapper.framework</string>
			<key>name</key>
			<string>QuartzCore.framework</string>
			<key>path</key>
			<string>System/Library/Frameworks/QuartzCore.framework</string>
			<key>sourceTree</key>
			<string>SDKROOT</string>
		</dict>
		<key>2A17D571189CC0E700263305</key>
		<dict>
			<key>fileRef</key>
			<string>2A17D570189CC0E700263305</string>
			<key>isa</key>
			<string>PBXBuildFile</string>
		</dict>
		<key>2A17D572189CC0ED00263305</key>
		<dict>
			<key>isa</key>
			<string>PBXFileReference</string>
			<key>lastKnownFileType</key>
			<string>wrapper.framework</string>
			<key>name</key>
			<string>Security.framework</string>
			<key>path</key>
			<string>System/Library/Frameworks/Security.framework</string>
			<key>sourceTree</key>
			<string>SDKROOT</string>
		</dict>
		<key>2A17D573189CC0ED00263305</key>
		<dict>
			<key>fileRef</key>
			<string>2A17D572189CC0ED00263305</string>
			<key>isa</key>
			<string>PBXBuildFile</string>
		</dict>
		<key>377F27FF26794E37B08C7AE6</key>
		<dict>
			<key>buildActionMask</key>
			<string>2147483647</string>
			<key>files</key>
			<array/>
			<key>inputPaths</key>
			<array/>
			<key>isa</key>
			<string>PBXShellScriptBuildPhase</string>
			<key>name</key>
			<string>Copy Pods Resources</string>
			<key>outputPaths</key>
			<array/>
			<key>runOnlyForDeploymentPostprocessing</key>
			<string>0</string>
			<key>shellPath</key>
			<string>/bin/sh</string>
			<key>shellScript</key>
			<string>"${SRCROOT}/Pods/Pods-resources.sh"
</string>
			<key>showEnvVarsInLog</key>
			<string>0</string>
		</dict>
		<key>88625C685F1A47FFB0702927</key>
		<dict>
			<key>buildActionMask</key>
			<string>2147483647</string>
			<key>files</key>
			<array/>
			<key>inputPaths</key>
			<array/>
			<key>isa</key>
			<string>PBXShellScriptBuildPhase</string>
			<key>name</key>
			<string>Check Pods Manifest.lock</string>
			<key>outputPaths</key>
			<array/>
			<key>runOnlyForDeploymentPostprocessing</key>
			<string>0</string>
			<key>shellPath</key>
			<string>/bin/sh</string>
			<key>shellScript</key>
			<string>diff "${PODS_ROOT}/../Podfile.lock" "${PODS_ROOT}/Manifest.lock" &gt; /dev/null
if [[ $? != 0 ]] ; then
    cat &lt;&lt; EOM
error: The sandbox is not in sync with the Podfile.lock. Run 'pod install' or update your CocoaPods installation.
EOM
    exit 1
fi
</string>
			<key>showEnvVarsInLog</key>
			<string>0</string>
		</dict>
		<key>9CBE68FEC7D4462A82219770</key>
		<dict>
			<key>includeInIndex</key>
			<string>1</string>
			<key>isa</key>
			<string>PBXFileReference</string>
			<key>lastKnownFileType</key>
			<string>text.xcconfig</string>
			<key>name</key>
			<string>Pods.xcconfig</string>
			<key>path</key>
			<string>Pods/Pods.xcconfig</string>
			<key>sourceTree</key>
			<string>&lt;group&gt;</string>
		</dict>
		<key>D70418D2F07B4F31B248672E</key>
		<dict>
			<key>explicitFileType</key>
			<string>archive.ar</string>
			<key>includeInIndex</key>
			<string>0</string>
			<key>isa</key>
			<string>PBXFileReference</string>
			<key>path</key>
			<string>libPods.a</string>
			<key>sourceTree</key>
			<string>BUILT_PRODUCTS_DIR</string>
		</dict>
	</dict>
	<key>rootObject</key>
	<string>2456D163189C93B4008CF61F</string>
</dict>
</plist>
